
Microsoft Visual Studio Solution File, Format Version 12.00
# Visual Studio Version 16
VisualStudioVersion = 16.0.30523.141
MinimumVisualStudioVersion = 10.0.40219.1
Project("{FAE04EC0-301F-11D3-BF4B-00C04F79EFBC}") = "praktika1.1", "praktika1.1\praktika1.1.csproj", "{4E22AA22-72A4-474A-81B6-D1A97FE2A852}"
EndProject
Global
	GlobalSection(SolutionConfigurationPlatforms) = preSolution
		Debug|Any CPU = Debug|Any CPU
		Release|Any CPU = Release|Any CPU
	EndGlobalSection
	GlobalSection(ProjectConfigurationPlatforms) = postSolution
		{4E22AA22-72A4-474A-81B6-D1A97FE2A852}.Debug|Any CPU.ActiveCfg = Debug|Any CPU
		{4E22AA22-72A4-474A-81B6-D1A97FE2A852}.Debug|Any CPU.Build.0 = Debug|Any CPU
		{4E22AA22-72A4-474A-81B6-D1A97FE2A852}.Release|Any CPU.ActiveCfg = Release|Any CPU
		{4E22AA22-72A4-474A-81B6-D1A97FE2A852}.Release|Any CPU.Build.0 = Release|Any CPU
	EndGlobalSection
	GlobalSection(SolutionProperties) = preSolution
		HideSolutionNode = FALSE
	EndGlobalSection
	GlobalSection(ExtensibilityGlobals) = postSolution
		SolutionGuid = {89F95CF1-C4D7-4AA8-8957-D2FD3F918A33}
	EndGlobalSection
EndGlobal
